// !$*UTF8*$!
{
	archiveVersion = 1;
	classes = {
	};
	objectVersion = 46;
	objects = {

/* Begin PBXBuildFile section */
		0733B2A71B033A510017143D /* AppDelegate.swift in Sources */ = {isa = PBXBuildFile; fileRef = 0733B2A61B033A510017143D /* AppDelegate.swift */; };
		0733B2A91B033A510017143D /* Images.xcassets in Resources */ = {isa = PBXBuildFile; fileRef = 0733B2A81B033A510017143D /* Images.xcassets */; };
		0733B2AC1B033A510017143D /* LaunchScreen.xib in Resources */ = {isa = PBXBuildFile; fileRef = 0733B2AA1B033A510017143D /* LaunchScreen.xib */; };
		0733B2B81B033A510017143D /* StarWarsSwiftTests.swift in Sources */ = {isa = PBXBuildFile; fileRef = 0733B2B71B033A510017143D /* StarWarsSwiftTests.swift */; };
		0733B2C51B033B1A0017143D /* DummyDataLoader.swift in Sources */ = {isa = PBXBuildFile; fileRef = 0733B2C41B033B1A0017143D /* DummyDataLoader.swift */; };
		0733B2C81B033BCE0017143D /* GlobalConstants.swift in Sources */ = {isa = PBXBuildFile; fileRef = 0733B2C71B033BCE0017143D /* GlobalConstants.swift */; };
		0733B2F81B033FFE0017143D /* StarWarsUniverseVC.swift in Sources */ = {isa = PBXBuildFile; fileRef = 0733B2F71B033FFE0017143D /* StarWarsUniverseVC.swift */; };
		0733B2FB1B03403E0017143D /* CharacterViewController.swift in Sources */ = {isa = PBXBuildFile; fileRef = 0733B2F91B03403E0017143D /* CharacterViewController.swift */; };
		0733B2FC1B03403E0017143D /* StarWarsSwift.CharacterViewController.xib in Resources */ = {isa = PBXBuildFile; fileRef = 0733B2FA1B03403E0017143D /* StarWarsSwift.CharacterViewController.xib */; };
		0733B2FF1B0340650017143D /* WikiViewController.swift in Sources */ = {isa = PBXBuildFile; fileRef = 0733B2FD1B0340650017143D /* WikiViewController.swift */; };
		0733B3001B0340650017143D /* StarWarsSwift.WikiViewController.xib in Resources */ = {isa = PBXBuildFile; fileRef = 0733B2FE1B0340650017143D /* StarWarsSwift.WikiViewController.xib */; };
		0733B3101B03412A0017143D /* c3po.caf in Resources */ = {isa = PBXBuildFile; fileRef = 0733B3021B03412A0017143D /* c3po.caf */; };
		0733B3111B03412A0017143D /* c3po.jpg in Resources */ = {isa = PBXBuildFile; fileRef = 0733B3031B03412A0017143D /* c3po.jpg */; };
		0733B3121B03412A0017143D /* chewbacca.caf in Resources */ = {isa = PBXBuildFile; fileRef = 0733B3041B03412A0017143D /* chewbacca.caf */; };
		0733B3131B03412A0017143D /* chewbacca.jpg in Resources */ = {isa = PBXBuildFile; fileRef = 0733B3051B03412A0017143D /* chewbacca.jpg */; };
		0733B3141B03412A0017143D /* darthVader.jpg in Resources */ = {isa = PBXBuildFile; fileRef = 0733B3061B03412A0017143D /* darthVader.jpg */; };
		0733B3151B03412A0017143D /* palpatine.caf in Resources */ = {isa = PBXBuildFile; fileRef = 0733B3071B03412A0017143D /* palpatine.caf */; };
		0733B3161B03412A0017143D /* palpatine.jpg in Resources */ = {isa = PBXBuildFile; fileRef = 0733B3081B03412A0017143D /* palpatine.jpg */; };
		0733B3171B03412A0017143D /* r2-d2.caf in Resources */ = {isa = PBXBuildFile; fileRef = 0733B3091B03412A0017143D /* r2-d2.caf */; };
		0733B3181B03412A0017143D /* r2-d2.jpg in Resources */ = {isa = PBXBuildFile; fileRef = 0733B30A1B03412A0017143D /* r2-d2.jpg */; };
		0733B3191B03412A0017143D /* tarkin.caf in Resources */ = {isa = PBXBuildFile; fileRef = 0733B30B1B03412A0017143D /* tarkin.caf */; };
		0733B31A1B03412A0017143D /* tarkin.jpg in Resources */ = {isa = PBXBuildFile; fileRef = 0733B30C1B03412A0017143D /* tarkin.jpg */; };
		0733B31B1B03412A0017143D /* vader.caf in Resources */ = {isa = PBXBuildFile; fileRef = 0733B30D1B03412A0017143D /* vader.caf */; };
		0733B31C1B03412A0017143D /* yoda.caf in Resources */ = {isa = PBXBuildFile; fileRef = 0733B30E1B03412A0017143D /* yoda.caf */; };
		0733B31D1B03412A0017143D /* yoda.jpg in Resources */ = {isa = PBXBuildFile; fileRef = 0733B30F1B03412A0017143D /* yoda.jpg */; };
		078E9A551B5028600015553A /* StarWarsCharacter.swift in Sources */ = {isa = PBXBuildFile; fileRef = 078E9A541B5028600015553A /* StarWarsCharacter.swift */; };
		078E9A571B5028F10015553A /* StarWarsUniverse.swift in Sources */ = {isa = PBXBuildFile; fileRef = 078E9A561B5028F10015553A /* StarWarsUniverse.swift */; };
/* End PBXBuildFile section */

/* Begin PBXContainerItemProxy section */
		0733B2B21B033A510017143D /* PBXContainerItemProxy */ = {
			isa = PBXContainerItemProxy;
			containerPortal = 0733B2991B033A510017143D /* Project object */;
			proxyType = 1;
			remoteGlobalIDString = 0733B2A01B033A510017143D;
			remoteInfo = StarWarsSwift;
		};
/* End PBXContainerItemProxy section */

/* Begin PBXFileReference section */
		0733B2A11B033A510017143D /* StarWarsSwift.app */ = {isa = PBXFileReference; explicitFileType = wrapper.application; includeInIndex = 0; path = StarWarsSwift.app; sourceTree = BUILT_PRODUCTS_DIR; };
		0733B2A51B033A510017143D /* Info.plist */ = {isa = PBXFileReference; lastKnownFileType = text.plist.xml; path = Info.plist; sourceTree = "<group>"; };
		0733B2A61B033A510017143D /* AppDelegate.swift */ = {isa = PBXFileReference; lastKnownFileType = sourcecode.swift; path = AppDelegate.swift; sourceTree = "<group>"; };
		0733B2A81B033A510017143D /* Images.xcassets */ = {isa = PBXFileReference; lastKnownFileType = folder.assetcatalog; path = Images.xcassets; sourceTree = "<group>"; };
		0733B2AB1B033A510017143D /* Base */ = {isa = PBXFileReference; lastKnownFileType = file.xib; name = Base; path = Base.lproj/LaunchScreen.xib; sourceTree = "<group>"; };
		0733B2B11B033A510017143D /* StarWarsSwiftTests.xctest */ = {isa = PBXFileReference; explicitFileType = wrapper.cfbundle; includeInIndex = 0; path = StarWarsSwiftTests.xctest; sourceTree = BUILT_PRODUCTS_DIR; };
		0733B2B61B033A510017143D /* Info.plist */ = {isa = PBXFileReference; lastKnownFileType = text.plist.xml; path = Info.plist; sourceTree = "<group>"; };
		0733B2B71B033A510017143D /* StarWarsSwiftTests.swift */ = {isa = PBXFileReference; lastKnownFileType = sourcecode.swift; path = StarWarsSwiftTests.swift; sourceTree = "<group>"; };
		0733B2C41B033B1A0017143D /* DummyDataLoader.swift */ = {isa = PBXFileReference; fileEncoding = 4; lastKnownFileType = sourcecode.swift; path = DummyDataLoader.swift; sourceTree = "<group>"; };
		0733B2C71B033BCE0017143D /* GlobalConstants.swift */ = {isa = PBXFileReference; fileEncoding = 4; lastKnownFileType = sourcecode.swift; path = GlobalConstants.swift; sourceTree = "<group>"; };
		0733B2F71B033FFE0017143D /* StarWarsUniverseVC.swift */ = {isa = PBXFileReference; fileEncoding = 4; lastKnownFileType = sourcecode.swift; path = StarWarsUniverseVC.swift; sourceTree = "<group>"; };
		0733B2F91B03403E0017143D /* CharacterViewController.swift */ = {isa = PBXFileReference; fileEncoding = 4; lastKnownFileType = sourcecode.swift; path = CharacterViewController.swift; sourceTree = "<group>"; };
		0733B2FA1B03403E0017143D /* StarWarsSwift.CharacterViewController.xib */ = {isa = PBXFileReference; fileEncoding = 4; lastKnownFileType = file.xib; path = StarWarsSwift.CharacterViewController.xib; sourceTree = "<group>"; };
		0733B2FD1B0340650017143D /* WikiViewController.swift */ = {isa = PBXFileReference; fileEncoding = 4; lastKnownFileType = sourcecode.swift; path = WikiViewController.swift; sourceTree = "<group>"; };
		0733B2FE1B0340650017143D /* StarWarsSwift.WikiViewController.xib */ = {isa = PBXFileReference; fileEncoding = 4; lastKnownFileType = file.xib; path = StarWarsSwift.WikiViewController.xib; sourceTree = "<group>"; };
		0733B3021B03412A0017143D /* c3po.caf */ = {isa = PBXFileReference; lastKnownFileType = file; path = c3po.caf; sourceTree = "<group>"; };
		0733B3031B03412A0017143D /* c3po.jpg */ = {isa = PBXFileReference; lastKnownFileType = image.jpeg; path = c3po.jpg; sourceTree = "<group>"; };
		0733B3041B03412A0017143D /* chewbacca.caf */ = {isa = PBXFileReference; lastKnownFileType = file; path = chewbacca.caf; sourceTree = "<group>"; };
		0733B3051B03412A0017143D /* chewbacca.jpg */ = {isa = PBXFileReference; lastKnownFileType = image.jpeg; path = chewbacca.jpg; sourceTree = "<group>"; };
		0733B3061B03412A0017143D /* darthVader.jpg */ = {isa = PBXFileReference; lastKnownFileType = image.jpeg; path = darthVader.jpg; sourceTree = "<group>"; };
		0733B3071B03412A0017143D /* palpatine.caf */ = {isa = PBXFileReference; lastKnownFileType = file; path = palpatine.caf; sourceTree = "<group>"; };
		0733B3081B03412A0017143D /* palpatine.jpg */ = {isa = PBXFileReference; lastKnownFileType = image.jpeg; path = palpatine.jpg; sourceTree = "<group>"; };
		0733B3091B03412A0017143D /* r2-d2.caf */ = {isa = PBXFileReference; lastKnownFileType = file; path = "r2-d2.caf"; sourceTree = "<group>"; };
		0733B30A1B03412A0017143D /* r2-d2.jpg */ = {isa = PBXFileReference; lastKnownFileType = image.jpeg; path = "r2-d2.jpg"; sourceTree = "<group>"; };
		0733B30B1B03412A0017143D /* tarkin.caf */ = {isa = PBXFileReference; lastKnownFileType = file; path = tarkin.caf; sourceTree = "<group>"; };
		0733B30C1B03412A0017143D /* tarkin.jpg */ = {isa = PBXFileReference; lastKnownFileType = image.jpeg; path = tarkin.jpg; sourceTree = "<group>"; };
		0733B30D1B03412A0017143D /* vader.caf */ = {isa = PBXFileReference; lastKnownFileType = file; path = vader.caf; sourceTree = "<group>"; };
		0733B30E1B03412A0017143D /* yoda.caf */ = {isa = PBXFileReference; lastKnownFileType = file; path = yoda.caf; sourceTree = "<group>"; };
		0733B30F1B03412A0017143D /* yoda.jpg */ = {isa = PBXFileReference; lastKnownFileType = image.jpeg; path = yoda.jpg; sourceTree = "<group>"; };
		078E9A541B5028600015553A /* StarWarsCharacter.swift */ = {isa = PBXFileReference; fileEncoding = 4; lastKnownFileType = sourcecode.swift; path = StarWarsCharacter.swift; sourceTree = "<group>"; };
		078E9A561B5028F10015553A /* StarWarsUniverse.swift */ = {isa = PBXFileReference; fileEncoding = 4; lastKnownFileType = sourcecode.swift; path = StarWarsUniverse.swift; sourceTree = "<group>"; };
/* End PBXFileReference section */

/* Begin PBXFrameworksBuildPhase section */
		0733B29E1B033A510017143D /* Frameworks */ = {
			isa = PBXFrameworksBuildPhase;
			buildActionMask = 2147483647;
			files = (
			);
			runOnlyForDeploymentPostprocessing = 0;
		};
		0733B2AE1B033A510017143D /* Frameworks */ = {
			isa = PBXFrameworksBuildPhase;
			buildActionMask = 2147483647;
			files = (
			);
			runOnlyForDeploymentPostprocessing = 0;
		};
/* End PBXFrameworksBuildPhase section */

/* Begin PBXGroup section */
		0733B2981B033A510017143D = {
			isa = PBXGroup;
			children = (
				0733B2A31B033A510017143D /* StarWarsSwift */,
				0733B2B41B033A510017143D /* StarWarsSwiftTests */,
				0733B2A21B033A510017143D /* Products */,
			);
			sourceTree = "<group>";
		};
		0733B2A21B033A510017143D /* Products */ = {
			isa = PBXGroup;
			children = (
				0733B2A11B033A510017143D /* StarWarsSwift.app */,
				0733B2B11B033A510017143D /* StarWarsSwiftTests.xctest */,
			);
			name = Products;
			sourceTree = "<group>";
		};
		0733B2A31B033A510017143D /* StarWarsSwift */ = {
			isa = PBXGroup;
			children = (
				0733B2A61B033A510017143D /* AppDelegate.swift */,
				0733B2A81B033A510017143D /* Images.xcassets */,
				0733B2AA1B033A510017143D /* LaunchScreen.xib */,
				0733B2C31B033B000017143D /* Models */,
				0733B2C61B033BA60017143D /* Controllers */,
				0733B3011B0341140017143D /* Resource Files */,
				0733B2A41B033A510017143D /* Supporting Files */,
			);
			path = StarWarsSwift;
			sourceTree = "<group>";
		};
		0733B2A41B033A510017143D /* Supporting Files */ = {
			isa = PBXGroup;
			children = (
				0733B2A51B033A510017143D /* Info.plist */,
			);
			name = "Supporting Files";
			sourceTree = "<group>";
		};
		0733B2B41B033A510017143D /* StarWarsSwiftTests */ = {
			isa = PBXGroup;
			children = (
				0733B2B71B033A510017143D /* StarWarsSwiftTests.swift */,
				0733B2B51B033A510017143D /* Supporting Files */,
			);
			path = StarWarsSwiftTests;
			sourceTree = "<group>";
		};
		0733B2B51B033A510017143D /* Supporting Files */ = {
			isa = PBXGroup;
			children = (
				0733B2B61B033A510017143D /* Info.plist */,
			);
			name = "Supporting Files";
			sourceTree = "<group>";
		};
		0733B2C31B033B000017143D /* Models */ = {
			isa = PBXGroup;
			children = (
				0733B2C41B033B1A0017143D /* DummyDataLoader.swift */,
				078E9A541B5028600015553A /* StarWarsCharacter.swift */,
				078E9A561B5028F10015553A /* StarWarsUniverse.swift */,
			);
			name = Models;
			sourceTree = "<group>";
		};
		0733B2C61B033BA60017143D /* Controllers */ = {
			isa = PBXGroup;
			children = (
				0733B2C71B033BCE0017143D /* GlobalConstants.swift */,
				0733B2F71B033FFE0017143D /* StarWarsUniverseVC.swift */,
				0733B2F91B03403E0017143D /* CharacterViewController.swift */,
				0733B2FA1B03403E0017143D /* StarWarsSwift.CharacterViewController.xib */,
				0733B2FD1B0340650017143D /* WikiViewController.swift */,
				0733B2FE1B0340650017143D /* StarWarsSwift.WikiViewController.xib */,
			);
			name = Controllers;
			sourceTree = "<group>";
		};
		0733B3011B0341140017143D /* Resource Files */ = {
			isa = PBXGroup;
			children = (
				0733B3021B03412A0017143D /* c3po.caf */,
				0733B3031B03412A0017143D /* c3po.jpg */,
				0733B3041B03412A0017143D /* chewbacca.caf */,
				0733B3051B03412A0017143D /* chewbacca.jpg */,
				0733B3061B03412A0017143D /* darthVader.jpg */,
				0733B3071B03412A0017143D /* palpatine.caf */,
				0733B3081B03412A0017143D /* palpatine.jpg */,
				0733B3091B03412A0017143D /* r2-d2.caf */,
				0733B30A1B03412A0017143D /* r2-d2.jpg */,
				0733B30B1B03412A0017143D /* tarkin.caf */,
				0733B30C1B03412A0017143D /* tarkin.jpg */,
				0733B30D1B03412A0017143D /* vader.caf */,
				0733B30E1B03412A0017143D /* yoda.caf */,
				0733B30F1B03412A0017143D /* yoda.jpg */,
			);
			name = "Resource Files";
			sourceTree = "<group>";
		};
/* End PBXGroup section */

/* Begin PBXNativeTarget section */
		0733B2A01B033A510017143D /* StarWarsSwift */ = {
			isa = PBXNativeTarget;
			buildConfigurationList = 0733B2BB1B033A510017143D /* Build configuration list for PBXNativeTarget "StarWarsSwift" */;
			buildPhases = (
				0733B29D1B033A510017143D /* Sources */,
				0733B29E1B033A510017143D /* Frameworks */,
				0733B29F1B033A510017143D /* Resources */,
			);
			buildRules = (
			);
			dependencies = (
			);
			name = StarWarsSwift;
			productName = StarWarsSwift;
			productReference = 0733B2A11B033A510017143D /* StarWarsSwift.app */;
			productType = "com.apple.product-type.application";
		};
		0733B2B01B033A510017143D /* StarWarsSwiftTests */ = {
			isa = PBXNativeTarget;
			buildConfigurationList = 0733B2BE1B033A510017143D /* Build configuration list for PBXNativeTarget "StarWarsSwiftTests" */;
			buildPhases = (
				0733B2AD1B033A510017143D /* Sources */,
				0733B2AE1B033A510017143D /* Frameworks */,
				0733B2AF1B033A510017143D /* Resources */,
			);
			buildRules = (
			);
			dependencies = (
				0733B2B31B033A510017143D /* PBXTargetDependency */,
			);
			name = StarWarsSwiftTests;
			productName = StarWarsSwiftTests;
			productReference = 0733B2B11B033A510017143D /* StarWarsSwiftTests.xctest */;
			productType = "com.apple.product-type.bundle.unit-test";
		};
/* End PBXNativeTarget section */

/* Begin PBXProject section */
		0733B2991B033A510017143D /* Project object */ = {
			isa = PBXProject;
			attributes = {
				LastUpgradeCheck = 0630;
				ORGANIZATIONNAME = DRG;
				TargetAttributes = {
					0733B2A01B033A510017143D = {
						CreatedOnToolsVersion = 6.3.1;
					};
					0733B2B01B033A510017143D = {
						CreatedOnToolsVersion = 6.3.1;
						TestTargetID = 0733B2A01B033A510017143D;
					};
				};
			};
			buildConfigurationList = 0733B29C1B033A510017143D /* Build configuration list for PBXProject "StarWarsSwift" */;
			compatibilityVersion = "Xcode 3.2";
			developmentRegion = English;
			hasScannedForEncodings = 0;
			knownRegions = (
				en,
				Base,
			);
			mainGroup = 0733B2981B033A510017143D;
			productRefGroup = 0733B2A21B033A510017143D /* Products */;
			projectDirPath = "";
			projectRoot = "";
			targets = (
				0733B2A01B033A510017143D /* StarWarsSwift */,
				0733B2B01B033A510017143D /* StarWarsSwiftTests */,
			);
		};
/* End PBXProject section */

/* Begin PBXResourcesBuildPhase section */
		0733B29F1B033A510017143D /* Resources */ = {
			isa = PBXResourcesBuildPhase;
			buildActionMask = 2147483647;
			files = (
				0733B3161B03412A0017143D /* palpatine.jpg in Resources */,
				0733B2FC1B03403E0017143D /* StarWarsSwift.CharacterViewController.xib in Resources */,
				0733B2AC1B033A510017143D /* LaunchScreen.xib in Resources */,
				0733B31B1B03412A0017143D /* vader.caf in Resources */,
				0733B31D1B03412A0017143D /* yoda.jpg in Resources */,
				0733B31C1B03412A0017143D /* yoda.caf in Resources */,
				0733B3191B03412A0017143D /* tarkin.caf in Resources */,
				0733B3121B03412A0017143D /* chewbacca.caf in Resources */,
				0733B3001B0340650017143D /* StarWarsSwift.WikiViewController.xib in Resources */,
				0733B3181B03412A0017143D /* r2-d2.jpg in Resources */,
				0733B3101B03412A0017143D /* c3po.caf in Resources */,
				0733B3131B03412A0017143D /* chewbacca.jpg in Resources */,
				0733B3111B03412A0017143D /* c3po.jpg in Resources */,
				0733B3171B03412A0017143D /* r2-d2.caf in Resources */,
				0733B2A91B033A510017143D /* Images.xcassets in Resources */,
				0733B3141B03412A0017143D /* darthVader.jpg in Resources */,
				0733B3151B03412A0017143D /* palpatine.caf in Resources */,
				0733B31A1B03412A0017143D /* tarkin.jpg in Resources */,
			);
			runOnlyForDeploymentPostprocessing = 0;
		};
		0733B2AF1B033A510017143D /* Resources */ = {
			isa = PBXResourcesBuildPhase;
			buildActionMask = 2147483647;
			files = (
			);
			runOnlyForDeploymentPostprocessing = 0;
		};
/* End PBXResourcesBuildPhase section */

/* Begin PBXSourcesBuildPhase section */
		0733B29D1B033A510017143D /* Sources */ = {
			isa = PBXSourcesBuildPhase;
			buildActionMask = 2147483647;
			files = (
				0733B2F81B033FFE0017143D /* StarWarsUniverseVC.swift in Sources */,
				0733B2FB1B03403E0017143D /* CharacterViewController.swift in Sources */,
				0733B2A71B033A510017143D /* AppDelegate.swift in Sources */,
				078E9A571B5028F10015553A /* StarWarsUniverse.swift in Sources */,
				0733B2C81B033BCE0017143D /* GlobalConstants.swift in Sources */,
				078E9A551B5028600015553A /* StarWarsCharacter.swift in Sources */,
				0733B2FF1B0340650017143D /* WikiViewController.swift in Sources */,
				0733B2C51B033B1A0017143D /* DummyDataLoader.swift in Sources */,
			);
			runOnlyForDeploymentPostprocessing = 0;
		};
		0733B2AD1B033A510017143D /* Sources */ = {
			isa = PBXSourcesBuildPhase;
			buildActionMask = 2147483647;
			files = (
				0733B2B81B033A510017143D /* StarWarsSwiftTests.swift in Sources */,
			);
			runOnlyForDeploymentPostprocessing = 0;
		};
/* End PBXSourcesBuildPhase section */

/* Begin PBXTargetDependency section */
		0733B2B31B033A510017143D /* PBXTargetDependency */ = {
			isa = PBXTargetDependency;
			target = 0733B2A01B033A510017143D /* StarWarsSwift */;
			targetProxy = 0733B2B21B033A510017143D /* PBXContainerItemProxy */;
		};
/* End PBXTargetDependency section */

/* Begin PBXVariantGroup section */
		0733B2AA1B033A510017143D /* LaunchScreen.xib */ = {
			isa = PBXVariantGroup;
			children = (
				0733B2AB1B033A510017143D /* Base */,
			);
			name = LaunchScreen.xib;
			sourceTree = "<group>";
		};
/* End PBXVariantGroup section */

/* Begin XCBuildConfiguration section */
		0733B2B91B033A510017143D /* Debug */ = {
			isa = XCBuildConfiguration;
			buildSettings = {
				ALWAYS_SEARCH_USER_PATHS = NO;
				CLANG_CXX_LANGUAGE_STANDARD = "gnu++0x";
				CLANG_CXX_LIBRARY = "libc++";
				CLANG_ENABLE_MODULES = YES;
				CLANG_ENABLE_OBJC_ARC = YES;
				CLANG_WARN_BOOL_CONVERSION = YES;
				CLANG_WARN_CONSTANT_CONVERSION = YES;
				CLANG_WARN_DIRECT_OBJC_ISA_USAGE = YES_ERROR;
				CLANG_WARN_EMPTY_BODY = YES;
				CLANG_WARN_ENUM_CONVERSION = YES;
				CLANG_WARN_INT_CONVERSION = YES;
				CLANG_WARN_OBJC_ROOT_CLASS = YES_ERROR;
				CLANG_WARN_UNREACHABLE_CODE = YES;
				CLANG_WARN__DUPLICATE_METHOD_MATCH = YES;
				"CODE_SIGN_IDENTITY[sdk=iphoneos*]" = "iPhone Developer";
				COPY_PHASE_STRIP = NO;
				DEBUG_INFORMATION_FORMAT = "dwarf-with-dsym";
				ENABLE_STRICT_OBJC_MSGSEND = YES;
				GCC_C_LANGUAGE_STANDARD = gnu99;
				GCC_DYNAMIC_NO_PIC = NO;
				GCC_NO_COMMON_BLOCKS = YES;
				GCC_OPTIMIZATION_LEVEL = 0;
				GCC_PREPROCESSOR_DEFINITIONS = (
					"DEBUG=1",
					"$(inherited)",
				);
				GCC_SYMBOLS_PRIVATE_EXTERN = NO;
				GCC_WARN_64_TO_32_BIT_CONVERSION = YES;
				GCC_WARN_ABOUT_RETURN_TYPE = YES_ERROR;
				GCC_WARN_UNDECLARED_SELECTOR = YES;
				GCC_WARN_UNINITIALIZED_AUTOS = YES_AGGRESSIVE;
				GCC_WARN_UNUSED_FUNCTION = YES;
				GCC_WARN_UNUSED_VARIABLE = YES;
				IPHONEOS_DEPLOYMENT_TARGET = 8.3;
				MTL_ENABLE_DEBUG_INFO = YES;
				ONLY_ACTIVE_ARCH = YES;
				SDKROOT = iphoneos;
				SWIFT_OPTIMIZATION_LEVEL = "-Onone";
				TARGETED_DEVICE_FAMILY = 2;
			};
			name = Debug;
		};
		0733B2BA1B033A510017143D /* Release */ = {
			isa = XCBuildConfiguration;
			buildSettings = {
				ALWAYS_SEARCH_USER_PATHS = NO;
				CLANG_CXX_LANGUAGE_STANDARD = "gnu++0x";
				CLANG_CXX_LIBRARY = "libc++";
				CLANG_ENABLE_MODULES = YES;
				CLANG_ENABLE_OBJC_ARC = YES;
				CLANG_WARN_BOOL_CONVERSION = YES;
				CLANG_WARN_CONSTANT_CONVERSION = YES;
				CLANG_WARN_DIRECT_OBJC_ISA_USAGE = YES_ERROR;
				CLANG_WARN_EMPTY_BODY = YES;
				CLANG_WARN_ENUM_CONVERSION = YES;
				CLANG_WARN_INT_CONVERSION = YES;
				CLANG_WARN_OBJC_ROOT_CLASS = YES_ERROR;
				CLANG_WARN_UNREACHABLE_CODE = YES;
				CLANG_WARN__DUPLICATE_METHOD_MATCH = YES;
				"CODE_SIGN_IDENTITY[sdk=iphoneos*]" = "iPhone Developer";
				COPY_PHASE_STRIP = NO;
				DEBUG_INFORMATION_FORMAT = "dwarf-with-dsym";
				ENABLE_NS_ASSERTIONS = NO;
				ENABLE_STRICT_OBJC_MSGSEND = YES;
				GCC_C_LANGUAGE_STANDARD = gnu99;
				GCC_NO_COMMON_BLOCKS = YES;
				GCC_WARN_64_TO_32_BIT_CONVERSION = YES;
				GCC_WARN_ABOUT_RETURN_TYPE = YES_ERROR;
				GCC_WARN_UNDECLARED_SELECTOR = YES;
				GCC_WARN_UNINITIALIZED_AUTOS = YES_AGGRESSIVE;
				GCC_WARN_UNUSED_FUNCTION = YES;
				GCC_WARN_UNUSED_VARIABLE = YES;
				IPHONEOS_DEPLOYMENT_TARGET = 8.3;
				MTL_ENABLE_DEBUG_INFO = NO;
				SDKROOT = iphoneos;
				TARGETED_DEVICE_FAMILY = 2;
				VALIDATE_PRODUCT = YES;
			};
			name = Release;
		};
		0733B2BC1B033A510017143D /* Debug */ = {
			isa = XCBuildConfiguration;
			buildSettings = {
				ASSETCATALOG_COMPILER_APPICON_NAME = AppIcon;
				INFOPLIST_FILE = StarWarsSwift/Info.plist;
				LD_RUNPATH_SEARCH_PATHS = "$(inherited) @executable_path/Frameworks";
				PRODUCT_NAME = "$(TARGET_NAME)";
				TARGETED_DEVICE_FAMILY = "1,2";
			};
			name = Debug;
		};
		0733B2BD1B033A510017143D /* Release */ = {
			isa = XCBuildConfiguration;
			buildSettings = {
				ASSETCATALOG_COMPILER_APPICON_NAME = AppIcon;
				INFOPLIST_FILE = StarWarsSwift/Info.plist;
				LD_RUNPATH_SEARCH_PATHS = "$(inherited) @executable_path/Frameworks";
				PRODUCT_NAME = "$(TARGET_NAME)";
				TARGETED_DEVICE_FAMILY = "1,2";
			};
			name = Release;
		};
		0733B2BF1B033A510017143D /* Debug */ = {
			isa = XCBuildConfiguration;
			buildSettings = {
				BUNDLE_LOADER = "$(TEST_HOST)";
				FRAMEWORK_SEARCH_PATHS = (
					"$(SDKROOT)/Developer/Library/Frameworks",
					"$(inherited)",
				);
				GCC_PREPROCESSOR_DEFINITIONS = (
					"DEBUG=1",
					"$(inherited)",
				);
				INFOPLIST_FILE = StarWarsSwiftTests/Info.plist;
				LD_RUNPATH_SEARCH_PATHS = "$(inherited) @executable_path/Frameworks @loader_path/Frameworks";
				PRODUCT_NAME = "$(TARGET_NAME)";
				TEST_HOST = "$(BUILT_PRODUCTS_DIR)/StarWarsSwift.app/StarWarsSwift";
			};
			name = Debug;
		};
		0733B2C01B033A510017143D /* Release */ = {
			isa = XCBuildConfiguration;
			buildSettings = {
				BUNDLE_LOADER = "$(TEST_HOST)";
				FRAMEWORK_SEARCH_PATHS = (
					"$(SDKROOT)/Developer/Library/Frameworks",
					"$(inherited)",
				);
				INFOPLIST_FILE = StarWarsSwiftTests/Info.plist;
				LD_RUNPATH_SEARCH_PATHS = "$(inherited) @executable_path/Frameworks @loader_path/Frameworks";
				PRODUCT_NAME = "$(TARGET_NAME)";
				TEST_HOST = "$(BUILT_PRODUCTS_DIR)/StarWarsSwift.app/StarWarsSwift";
			};
			name = Release;
		};
/* End XCBuildConfiguration section */

/* Begin XCConfigurationList section */
		0733B29C1B033A510017143D /* Build configuration list for PBXProject "StarWarsSwift" */ = {
			isa = XCConfigurationList;
			buildConfigurations = (
				0733B2B91B033A510017143D /* Debug */,
				0733B2BA1B033A510017143D /* Release */,
			);
			defaultConfigurationIsVisible = 0;
			defaultConfigurationName = Release;
		};
		0733B2BB1B033A510017143D /* Build configuration list for PBXNativeTarget "StarWarsSwift" */ = {
			isa = XCConfigurationList;
			buildConfigurations = (
				0733B2BC1B033A510017143D /* Debug */,
				0733B2BD1B033A510017143D /* Release */,
			);
			defaultConfigurationIsVisible = 0;
			defaultConfigurationName = Release;
		};
		0733B2BE1B033A510017143D /* Build configuration list for PBXNativeTarget "StarWarsSwiftTests" */ = {
			isa = XCConfigurationList;
			buildConfigurations = (
				0733B2BF1B033A510017143D /* Debug */,
				0733B2C01B033A510017143D /* Release */,
			);
			defaultConfigurationIsVisible = 0;
			defaultConfigurationName = Release;
		};
/* End XCConfigurationList section */
	};
	rootObject = 0733B2991B033A510017143D /* Project object */;
}
